Microsoft Visual Studio Solution File, Format Version 12.00
Project("{FAE04EC0-301F-11D3-BF4B-00C04F79EFBC}") = "CinemaApp.Pricing.Domain", "src\CinemaApp.Pricing.Domain\CinemaApp.Pricing.Domain.csproj", "{44444444-0000-0000-0000-000000000001}"
EndProject
Project("{FAE04EC0-301F-11D3-BF4B-00C04F79EFBC}") = "CinemaApp.Pricing.Repository", "src\CinemaApp.Pricing.Repository\CinemaApp.Pricing.Repository.csproj", "{44444444-0000-0000-0000-000000000002}"
EndProject
Project("{FAE04EC0-301F-11D3-BF4B-00C04F79EFBC}") = "CinemaApp.Pricing.Service", "src\CinemaApp.Pricing.Service\CinemaApp.Pricing.Service.csproj", "{44444444-0000-0000-0000-000000000003}"
EndProject
Project("{FAE04EC0-301F-11D3-BF4B-00C04F79EFBC}") = "CinemaApp.Pricing.Api", "src\CinemaApp.Pricing.Api\CinemaApp.Pricing.Api.csproj", "{44444444-0000-0000-0000-000000000004}"
EndProject
Global
	GlobalSection(SolutionConfigurationPlatforms) = preSolution
		Debug|Any CPU = Debug|Any CPU
		Release|Any CPU = Release|Any CPU
	EndGlobalSection
	GlobalSection(ProjectConfigurationPlatforms) = postSolution
		{44444444-0000-0000-0000-000000000001}.Debug|Any CPU.ActiveCfg = Debug|Any CPU
		{44444444-0000-0000-0000-000000000001}.Debug|Any CPU.Build.0 = Debug|Any CPU
		{44444444-0000-0000-0000-000000000001}.Release|Any CPU.ActiveCfg = Release|Any CPU
		{44444444-0000-0000-0000-000000000001}.Release|Any CPU.Build.0 = Release|Any CPU
		{44444444-0000-0000-0000-000000000002}.Debug|Any CPU.ActiveCfg = Debug|Any CPU
		{44444444-0000-0000-0000-000000000002}.Debug|Any CPU.Build.0 = Debug|Any CPU
		{44444444-0000-0000-0000-000000000002}.Release|Any CPU.ActiveCfg = Release|Any CPU
		{44444444-0000-0000-0000-000000000002}.Release|Any CPU.Build.0 = Release|Any CPU
		{44444444-0000-0000-0000-000000000003}.Debug|Any CPU.ActiveCfg = Debug|Any CPU
		{44444444-0000-0000-0000-000000000003}.Debug|Any CPU.Build.0 = Debug|Any CPU
		{44444444-0000-0000-0000-000000000003}.Release|Any CPU.ActiveCfg = Release|Any CPU
		{44444444-0000-0000-0000-000000000003}.Release|Any CPU.Build.0 = Release|Any CPU
		{44444444-0000-0000-0000-000000000004}.Debug|Any CPU.ActiveCfg = Debug|Any CPU
		{44444444-0000-0000-0000-000000000004}.Debug|Any CPU.Build.0 = Debug|Any CPU
		{44444444-0000-0000-0000-000000000004}.Release|Any CPU.ActiveCfg = Release|Any CPU
		{44444444-0000-0000-0000-000000000004}.Release|Any CPU.Build.0 = Release|Any CPU
	EndGlobalSection
EndGlobal
